
Microsoft Visual Studio Solution File, Format Version 12.00
Project("{FAE04EC0-301F-11D3-BF4B-00C04F79EFBC}") = "KubernetesDemo.Api1", "KubernetesDemo.Api1\KubernetesDemo.Api1.csproj", "{2D000963-8781-4751-B472-764467AD3C1D}"
EndProject
Project("{2150E333-8FDC-42A3-9474-1A3956D46DE8}") = "local-k8s", "local-k8s", "{99CB275E-7AF4-4B92-AFDB-FFD15274C58E}"
	ProjectSection(SolutionItems) = preProject
		local-k8s\cluster-role-binding.yml = local-k8s\cluster-role-binding.yml
		local-k8s\service-account.yaml = local-k8s\service-account.yaml
		local-k8s\Api1.yaml = local-k8s\Api1.yaml
	EndProjectSection
EndProject
Project("{2150E333-8FDC-42A3-9474-1A3956D46DE8}") = "KubernetesDemo", "KubernetesDemo", "{AB42F6A2-3C17-4AE6-A62C-569A798CE3A8}"
EndProject
Global
	GlobalSection(SolutionConfigurationPlatforms) = preSolution
		Debug|Any CPU = Debug|Any CPU
		Release|Any CPU = Release|Any CPU
	EndGlobalSection
	GlobalSection(ProjectConfigurationPlatforms) = postSolution
		{2D000963-8781-4751-B472-764467AD3C1D}.Debug|Any CPU.ActiveCfg = Debug|Any CPU
		{2D000963-8781-4751-B472-764467AD3C1D}.Debug|Any CPU.Build.0 = Debug|Any CPU
		{2D000963-8781-4751-B472-764467AD3C1D}.Release|Any CPU.ActiveCfg = Release|Any CPU
		{2D000963-8781-4751-B472-764467AD3C1D}.Release|Any CPU.Build.0 = Release|Any CPU
	EndGlobalSection
	GlobalSection(NestedProjects) = preSolution
		{AB42F6A2-3C17-4AE6-A62C-569A798CE3A8} = {99CB275E-7AF4-4B92-AFDB-FFD15274C58E}
	EndGlobalSection
EndGlobal
