
Microsoft Visual Studio Solution File, Format Version 12.00
# Visual Studio Version 17
VisualStudioVersion = 17.9.34616.47
MinimumVisualStudioVersion = 10.0.40219.1
Project("{9A19103F-16F7-4668-BE54-9A1E7A4F7556}") = "TestGrpc.Api", "TestGrpc.Api\TestGrpc.Api.csproj", "{23899F17-B901-42BB-8866-341CAA754412}"
EndProject
Project("{2150E333-8FDC-42A3-9474-1A3956D46DE8}") = "Solution Items", "Solution Items", "{BAF21519-D5FD-4993-B400-BCE87C053519}"
	ProjectSection(SolutionItems) = preProject
		weatherforecastservice.proto = weatherforecastservice.proto
		CustomTypes\date.proto = CustomTypes\date.proto
	EndProjectSection
EndProject
Global
	GlobalSection(SolutionConfigurationPlatforms) = preSolution
		Debug|Any CPU = Debug|Any CPU
		Release|Any CPU = Release|Any CPU
	EndGlobalSection
	GlobalSection(ProjectConfigurationPlatforms) = postSolution
		{23899F17-B901-42BB-8866-341CAA754412}.Debug|Any CPU.ActiveCfg = Debug|Any CPU
		{23899F17-B901-42BB-8866-341CAA754412}.Debug|Any CPU.Build.0 = Debug|Any CPU
		{23899F17-B901-42BB-8866-341CAA754412}.Release|Any CPU.ActiveCfg = Release|Any CPU
		{23899F17-B901-42BB-8866-341CAA754412}.Release|Any CPU.Build.0 = Release|Any CPU
	EndGlobalSection
	GlobalSection(SolutionProperties) = preSolution
		HideSolutionNode = FALSE
	EndGlobalSection
	GlobalSection(ExtensibilityGlobals) = postSolution
		SolutionGuid = {875DAE20-03A2-472D-9035-644F1C1AC3DA}
	EndGlobalSection
EndGlobal
